{
  "name": "@pangea/ethereum",
  "version": "1.4.0",
  "lockfileVersion": 1,
  "requires": true,
  "dependencies": {
    "@pangea/key": {
      "version": "1.4.0",
      "requires": {
        "pangea-common": "1.4.0"
      },
      "dependencies": {
        "pangea-common": {
          "version": "1.4.0",
          "bundled": true
        }
      }
    },
    "pangea-common": {
      "version": "1.4.0"
    }
  }
}
